<?xml version="1.0" encoding="utf-8"?>
<Project ToolsVersion="4.0" xmlns="http://schemas.microsoft.com/developer/msbuild/2003">
  <ItemGroup>
    <Filter Include="Header Files">
      <UniqueIdentifier>{93995380-89BD-4b04-88EB-625FBE52EBFB}</UniqueIdentifier>
      <Extensions>h;hh;hpp;hxx;hm;inl;inc;xsd</Extensions>
    </Filter>
    <Filter Include="Resource Files">
      <UniqueIdentifier>{67DA6AB6-F800-4c08-8B7A-83BB121AAD01}</UniqueIdentifier>
      <Extensions>rc;ico;cur;bmp;dlg;rc2;rct;bin;rgs;gif;jpg;jpeg;jpe;resx;tiff;tif;png;wav;mfcribbon-ms</Extensions>
    </Filter>
    <Filter Include="Header Files\Base">
      <UniqueIdentifier>{4c83e018-8799-41af-a75d-032148d77f62}</UniqueIdentifier>
    </Filter>
    <Filter Include="Header Files\FeatureCreators">
      <UniqueIdentifier>{c463a5eb-0cf4-4770-b918-ff4a59834ed4}</UniqueIdentifier>
    </Filter>
    <Filter Include="Resource Files\Source Files">
      <UniqueIdentifier>{4FC737F1-C7A5-4376-A066-2A32D752A2FF}</UniqueIdentifier>
      <Extensions>cpp;c;cc;cxx;def;odl;idl;hpj;bat;asm;asmx</Extensions>
    </Filter>
    <Filter Include="Resource Files\Source Files\Base">
      <UniqueIdentifier>{d077a2a7-4181-4645-87c4-6726509122c4}</UniqueIdentifier>
    </Filter>
    <Filter Include="Resource Files\Source Files\FeatureCreators">
      <UniqueIdentifier>{fee1e5d6-46f9-4f70-ac6c-957428ae29b7}</UniqueIdentifier>
    </Filter>
    <Filter Include="Header Files\Histogram">
      <UniqueIdentifier>{b41e8d77-d58d-42f4-8ec1-eaa54302a108}</UniqueIdentifier>
    </Filter>
    <Filter Include="Resource Files\Source Files\Histogram">
      <UniqueIdentifier>{77d9d8e4-fde4-4360-958d-a0c56610e564}</UniqueIdentifier>
    </Filter>
  </ItemGroup>
  <ItemGroup>
    <ClInclude Include="FeatureVector.h">
      <Filter>Header Files\Base</Filter>
    </ClInclude>
    <ClInclude Include="Helper.h">
      <Filter>Header Files\Base</Filter>
    </ClInclude>
    <ClInclude Include="ModelEvaluator.h">
      <Filter>Header Files</Filter>
    </ClInclude>
    <ClInclude Include="IFeatureCreator.h">
      <Filter>Header Files</Filter>
    </ClInclude>
    <ClInclude Include="DataSet.h">
      <Filter>Header Files</Filter>
    </ClInclude>
    <ClInclude Include="DataSetLabel.h">
      <Filter>Header Files</Filter>
    </ClInclude>
    <ClInclude Include="KITTIDataSet.h">
      <Filter>Header Files</Filter>
    </ClInclude>
    <ClInclude Include="ClassifierEvaluation.h">
      <Filter>Header Files</Filter>
    </ClInclude>
    <ClInclude Include="FeatureTester.h">
      <Filter>Header Files</Filter>
    </ClInclude>
    <ClInclude Include="FeatureSet.h">
      <Filter>Header Files</Filter>
    </ClInclude>
    <ClInclude Include="HistogramDepthFeatureCreator.h">
      <Filter>Header Files\FeatureCreators</Filter>
    </ClInclude>
    <ClInclude Include="VariableNumberFeatureCreator.h">
      <Filter>Header Files\FeatureCreators</Filter>
    </ClInclude>
    <ClInclude Include="SURFFeatureCreator.h">
      <Filter>Header Files\FeatureCreators</Filter>
    </ClInclude>
    <ClInclude Include="HoGFeatureCreator.h">
      <Filter>Header Files\FeatureCreators</Filter>
    </ClInclude>
    <ClInclude Include="HoGHistogramVarianceFeatureCreator.h">
      <Filter>Header Files\FeatureCreators</Filter>
    </ClInclude>
    <ClInclude Include="CornerFeatureCreator.h">
      <Filter>Header Files\FeatureCreators</Filter>
    </ClInclude>
    <ClInclude Include="ORBFeatureCreator.h">
      <Filter>Header Files\FeatureCreators</Filter>
    </ClInclude>
    <ClInclude Include="MSDFeatureCreator.h">
      <Filter>Header Files\FeatureCreators</Filter>
    </ClInclude>
    <ClInclude Include="SIFTFeatureCreator.h">
      <Filter>Header Files\FeatureCreators</Filter>
    </ClInclude>
    <ClInclude Include="CenSurEFeatureCreator.h">
      <Filter>Header Files\FeatureCreators</Filter>
    </ClInclude>
    <ClInclude Include="BRISKFeatureCreator.h">
      <Filter>Header Files\FeatureCreators</Filter>
    </ClInclude>
    <ClInclude Include="FASTFeatureCreator.h">
      <Filter>Header Files\FeatureCreators</Filter>
    </ClInclude>
    <ClInclude Include="HDDFeatureCreator.h">
      <Filter>Header Files\FeatureCreators</Filter>
    </ClInclude>
    <ClInclude Include="LocalBinaryPatterns.h">
      <Filter>Header Files</Filter>
    </ClInclude>
    <ClInclude Include="LBPFeatureCreator.h">
      <Filter>Header Files\FeatureCreators</Filter>
    </ClInclude>
    <ClInclude Include="HistogramResult.h">
      <Filter>Header Files\Histogram</Filter>
    </ClInclude>
    <ClInclude Include="HistogramOfOrientedGradients.h">
      <Filter>Header Files\Histogram</Filter>
    </ClInclude>
    <ClInclude Include="Histogram2DResult.h">
      <Filter>Header Files\Histogram</Filter>
    </ClInclude>
    <ClInclude Include="Histogram.h">
      <Filter>Header Files\Histogram</Filter>
    </ClInclude>
    <ClInclude Include="Histogram2D.h">
      <Filter>Header Files\Histogram</Filter>
    </ClInclude>
    <ClInclude Include="HONVFeatureCreator.h">
      <Filter>Header Files\FeatureCreators</Filter>
    </ClInclude>
    <ClInclude Include="TrainingDataSet.h">
      <Filter>Header Files</Filter>
    </ClInclude>
    <ClInclude Include="ProgressWindow.h">
      <Filter>Header Files</Filter>
    </ClInclude>
    <ClInclude Include="EvaluatorCascade.h">
      <Filter>Header Files</Filter>
    </ClInclude>
    <ClInclude Include="IEvaluator.h">
      <Filter>Header Files</Filter>
    </ClInclude>
    <ClInclude Include="CoOccurenceMatrix.h">
      <Filter>Header Files</Filter>
    </ClInclude>
    <ClInclude Include="CoOccurenceMatrixFeatureCreator.h">
      <Filter>Header Files\FeatureCreators</Filter>
    </ClInclude>
    <ClInclude Include="FeatureTesterJob.h">
      <Filter>Header Files</Filter>
    </ClInclude>
    <ClInclude Include="RAWRGBFeatureCreator.h">
      <Filter>Header Files\FeatureCreators</Filter>
    </ClInclude>
  </ItemGroup>
  <ItemGroup>
    <ClCompile Include="PedestrianDetection.cpp">
      <Filter>Resource Files\Source Files</Filter>
    </ClCompile>
    <ClCompile Include="FeatureVector.cpp">
      <Filter>Resource Files\Source Files\Base</Filter>
    </ClCompile>
    <ClCompile Include="Helper.cpp">
      <Filter>Resource Files\Source Files\Base</Filter>
    </ClCompile>
    <ClCompile Include="ModelEvaluator.cpp">
      <Filter>Resource Files\Source Files</Filter>
    </ClCompile>
    <ClCompile Include="IFeatureCreator.cpp">
      <Filter>Resource Files\Source Files</Filter>
    </ClCompile>
    <ClCompile Include="DataSet.cpp">
      <Filter>Resource Files\Source Files</Filter>
    </ClCompile>
    <ClCompile Include="DataSetLabel.cpp">
      <Filter>Resource Files\Source Files</Filter>
    </ClCompile>
    <ClCompile Include="KITTIDataSet.cpp">
      <Filter>Resource Files\Source Files</Filter>
    </ClCompile>
    <ClCompile Include="ClassifierEvaluation.cpp">
      <Filter>Resource Files\Source Files</Filter>
    </ClCompile>
    <ClCompile Include="FeatureTester.cpp">
      <Filter>Resource Files\Source Files</Filter>
    </ClCompile>
    <ClCompile Include="FeatureSet.cpp">
      <Filter>Resource Files\Source Files</Filter>
    </ClCompile>
    <ClCompile Include="HistogramDepthFeatureCreator.cpp">
      <Filter>Resource Files\Source Files\FeatureCreators</Filter>
    </ClCompile>
    <ClCompile Include="VariableNumberFeatureCreator.cpp">
      <Filter>Resource Files\Source Files\FeatureCreators</Filter>
    </ClCompile>
    <ClCompile Include="SURFFeatureCreator.cpp">
      <Filter>Resource Files\Source Files\FeatureCreators</Filter>
    </ClCompile>
    <ClCompile Include="HoGFeatureCreator.cpp">
      <Filter>Resource Files\Source Files\FeatureCreators</Filter>
    </ClCompile>
    <ClCompile Include="HoGHistogramVarianceFeatureCreator.cpp">
      <Filter>Resource Files\Source Files\FeatureCreators</Filter>
    </ClCompile>
    <ClCompile Include="CornerFeatureCreator.cpp">
      <Filter>Resource Files\Source Files\FeatureCreators</Filter>
    </ClCompile>
    <ClCompile Include="ORBFeatureCreator.cpp">
      <Filter>Resource Files\Source Files\FeatureCreators</Filter>
    </ClCompile>
    <ClCompile Include="MSDFeatureCreator.cpp">
      <Filter>Resource Files\Source Files\FeatureCreators</Filter>
    </ClCompile>
    <ClCompile Include="SIFTFeatureCreator.cpp">
      <Filter>Resource Files\Source Files\FeatureCreators</Filter>
    </ClCompile>
    <ClCompile Include="CenSurEFeatureCreator.cpp">
      <Filter>Resource Files\Source Files\FeatureCreators</Filter>
    </ClCompile>
    <ClCompile Include="BRISKFeatureCreator.cpp">
      <Filter>Resource Files\Source Files\FeatureCreators</Filter>
    </ClCompile>
    <ClCompile Include="FASTFeatureCreator.cpp">
      <Filter>Resource Files\Source Files\FeatureCreators</Filter>
    </ClCompile>
    <ClCompile Include="HDDFeatureCreator.cpp">
      <Filter>Resource Files\Source Files\FeatureCreators</Filter>
    </ClCompile>
    <ClCompile Include="LocalBinaryPatterns.cpp">
      <Filter>Resource Files\Source Files</Filter>
    </ClCompile>
    <ClCompile Include="LBPFeatureCreator.cpp">
      <Filter>Resource Files\Source Files\FeatureCreators</Filter>
    </ClCompile>
    <ClCompile Include="HistogramOfOrientedGradients.cpp">
      <Filter>Resource Files\Source Files\Histogram</Filter>
    </ClCompile>
    <ClCompile Include="HistogramResult.cpp">
      <Filter>Resource Files\Source Files\Histogram</Filter>
    </ClCompile>
    <ClCompile Include="Histogram2DResult.cpp">
      <Filter>Resource Files\Source Files\Histogram</Filter>
    </ClCompile>
    <ClCompile Include="Histogram2D.cpp">
      <Filter>Resource Files\Source Files\Histogram</Filter>
    </ClCompile>
    <ClCompile Include="Histogram.cpp">
      <Filter>Resource Files\Source Files\Histogram</Filter>
    </ClCompile>
    <ClCompile Include="HONVFeatureCreator.cpp">
      <Filter>Resource Files\Source Files\FeatureCreators</Filter>
    </ClCompile>
    <ClCompile Include="TrainingDataSet.cpp">
      <Filter>Resource Files\Source Files</Filter>
    </ClCompile>
    <ClCompile Include="ProgressWindow.cpp">
      <Filter>Resource Files\Source Files</Filter>
    </ClCompile>
    <ClCompile Include="EvaluatorCascade.cpp">
      <Filter>Resource Files\Source Files</Filter>
    </ClCompile>
    <ClCompile Include="IEvaluator.cpp">
      <Filter>Resource Files\Source Files</Filter>
    </ClCompile>
    <ClCompile Include="CoOccurenceMatrix.cpp">
      <Filter>Resource Files\Source Files</Filter>
    </ClCompile>
    <ClCompile Include="CoOccurenceMatrixFeatureCreator.cpp">
      <Filter>Resource Files\Source Files\FeatureCreators</Filter>
    </ClCompile>
    <ClCompile Include="FeatureTesterJob.cpp">
      <Filter>Resource Files\Source Files</Filter>
    </ClCompile>
    <ClCompile Include="RAWRGBFeatureCreator.cpp">
      <Filter>Resource Files\Source Files\FeatureCreators</Filter>
    </ClCompile>
  </ItemGroup>
  <ItemGroup>
    <None Include="ClassDiagram.cd" />
  </ItemGroup>
</Project>